// !$*UTF8*$!
{
	archiveVersion = 1;
	classes = {
	};
	objectVersion = 77;
	objects = {

/* Begin PBXBuildFile section */
		CCA727002E60D24B001F7D93 /* RealityKitContent in Frameworks */ = {isa = PBXBuildFile; productRef = CCA726FF2E60D24B001F7D93 /* RealityKitContent */; };
		CCA727132E60D4A2001F7D93 /* CatchEmAllAVPApp.swift in Sources */ = {isa = PBXBuildFile; fileRef = CCA7270F2E60D4A2001F7D93 /* CatchEmAllAVPApp.swift */; };
		CCA727142E60D4A2001F7D93 /* CreaturesListView.swift in Sources */ = {isa = PBXBuildFile; fileRef = CCA727102E60D4A2001F7D93 /* CreaturesListView.swift */; };
		CCA727152E60D4A2001F7D93 /* Assets.xcassets in Resources */ = {isa = PBXBuildFile; fileRef = CCA7270E2E60D4A2001F7D93 /* Assets.xcassets */; };
		CCA727192E60D84B001F7D93 /* Creatures.swift in Sources */ = {isa = PBXBuildFile; fileRef = CCA727182E60D84B001F7D93 /* Creatures.swift */; };
		CCFA59542E61F94100BCB115 /* DetailView.swift in Sources */ = {isa = PBXBuildFile; fileRef = CCFA59532E61F94100BCB115 /* DetailView.swift */; };
		CCFA59562E61FF6400BCB115 /* Creature.swift in Sources */ = {isa = PBXBuildFile; fileRef = CCFA59552E61FF6400BCB115 /* Creature.swift */; };
		CCFA59582E62023A00BCB115 /* CreatureDetail.swift in Sources */ = {isa = PBXBuildFile; fileRef = CCFA59572E62023A00BCB115 /* CreatureDetail.swift */; };
/* End PBXBuildFile section */

/* Begin PBXFileReference section */
		CCA726FA2E60D24B001F7D93 /* CatchEmAllAVP.app */ = {isa = PBXFileReference; explicitFileType = wrapper.application; includeInIndex = 0; path = CatchEmAllAVP.app; sourceTree = BUILT_PRODUCTS_DIR; };
		CCA726FE2E60D24B001F7D93 /* RealityKitContent */ = {isa = PBXFileReference; lastKnownFileType = wrapper; path = RealityKitContent; sourceTree = "<group>"; };
		CCA7270E2E60D4A2001F7D93 /* Assets.xcassets */ = {isa = PBXFileReference; lastKnownFileType = folder.assetcatalog; path = Assets.xcassets; sourceTree = "<group>"; };
		CCA7270F2E60D4A2001F7D93 /* CatchEmAllAVPApp.swift */ = {isa = PBXFileReference; lastKnownFileType = sourcecode.swift; path = CatchEmAllAVPApp.swift; sourceTree = "<group>"; };
		CCA727102E60D4A2001F7D93 /* CreaturesListView.swift */ = {isa = PBXFileReference; lastKnownFileType = sourcecode.swift; path = CreaturesListView.swift; sourceTree = "<group>"; };
		CCA727112E60D4A2001F7D93 /* Info.plist */ = {isa = PBXFileReference; lastKnownFileType = text.plist.xml; path = Info.plist; sourceTree = "<group>"; };
		CCA727182E60D84B001F7D93 /* Creatures.swift */ = {isa = PBXFileReference; lastKnownFileType = sourcecode.swift; path = Creatures.swift; sourceTree = "<group>"; };
		CCFA59532E61F94100BCB115 /* DetailView.swift */ = {isa = PBXFileReference; lastKnownFileType = sourcecode.swift; path = DetailView.swift; sourceTree = "<group>"; };
		CCFA59552E61FF6400BCB115 /* Creature.swift */ = {isa = PBXFileReference; lastKnownFileType = sourcecode.swift; path = Creature.swift; sourceTree = "<group>"; };
		CCFA59572E62023A00BCB115 /* CreatureDetail.swift */ = {isa = PBXFileReference; lastKnownFileType = sourcecode.swift; path = CreatureDetail.swift; sourceTree = "<group>"; };
/* End PBXFileReference section */

/* Begin PBXFrameworksBuildPhase section */
		CCA726F72E60D24B001F7D93 /* Frameworks */ = {
			isa = PBXFrameworksBuildPhase;
			buildActionMask = 2147483647;
			files = (
				CCA727002E60D24B001F7D93 /* RealityKitContent in Frameworks */,
			);
			runOnlyForDeploymentPostprocessing = 0;
		};
/* End PBXFrameworksBuildPhase section */

/* Begin PBXGroup section */
		CCA726F12E60D24B001F7D93 = {
			isa = PBXGroup;
			children = (
				CCA727122E60D4A2001F7D93 /* CatchEmAllAVP */,
				CCA726FD2E60D24B001F7D93 /* Packages */,
				CCA726FB2E60D24B001F7D93 /* Products */,
			);
			sourceTree = "<group>";
		};
		CCA726FB2E60D24B001F7D93 /* Products */ = {
			isa = PBXGroup;
			children = (
				CCA726FA2E60D24B001F7D93 /* CatchEmAllAVP.app */,
			);
			name = Products;
			sourceTree = "<group>";
		};
		CCA726FD2E60D24B001F7D93 /* Packages */ = {
			isa = PBXGroup;
			children = (
				CCA726FE2E60D24B001F7D93 /* RealityKitContent */,
			);
			path = Packages;
			sourceTree = "<group>";
		};
		CCA727122E60D4A2001F7D93 /* CatchEmAllAVP */ = {
			isa = PBXGroup;
			children = (
				CCA7270E2E60D4A2001F7D93 /* Assets.xcassets */,
				CCA7270F2E60D4A2001F7D93 /* CatchEmAllAVPApp.swift */,
				CCA7271A2E60E86A001F7D93 /* Models */,
				CCA727172E60D4BB001F7D93 /* Views */,
				CCA727112E60D4A2001F7D93 /* Info.plist */,
			);
			path = CatchEmAllAVP;
			sourceTree = "<group>";
		};
		CCA727172E60D4BB001F7D93 /* Views */ = {
			isa = PBXGroup;
			children = (
				CCA727102E60D4A2001F7D93 /* CreaturesListView.swift */,
				CCFA59532E61F94100BCB115 /* DetailView.swift */,
			);
			path = Views;
			sourceTree = "<group>";
		};
		CCA7271A2E60E86A001F7D93 /* Models */ = {
			isa = PBXGroup;
			children = (
				CCA727182E60D84B001F7D93 /* Creatures.swift */,
				CCFA59572E62023A00BCB115 /* CreatureDetail.swift */,
				CCFA59552E61FF6400BCB115 /* Creature.swift */,
			);
			path = Models;
			sourceTree = "<group>";
		};
/* End PBXGroup section */

/* Begin PBXNativeTarget section */
		CCA726F92E60D24B001F7D93 /* CatchEmAllAVP */ = {
			isa = PBXNativeTarget;
			buildConfigurationList = CCA727092E60D24B001F7D93 /* Build configuration list for PBXNativeTarget "CatchEmAllAVP" */;
			buildPhases = (
				CCA726F62E60D24B001F7D93 /* Sources */,
				CCA726F72E60D24B001F7D93 /* Frameworks */,
				CCA726F82E60D24B001F7D93 /* Resources */,
			);
			buildRules = (
			);
			dependencies = (
			);
			name = CatchEmAllAVP;
			packageProductDependencies = (
				CCA726FF2E60D24B001F7D93 /* RealityKitContent */,
			);
			productName = CatchEmAllAVP;
			productReference = CCA726FA2E60D24B001F7D93 /* CatchEmAllAVP.app */;
			productType = "com.apple.product-type.application";
		};
/* End PBXNativeTarget section */

/* Begin PBXProject section */
		CCA726F22E60D24B001F7D93 /* Project object */ = {
			isa = PBXProject;
			attributes = {
				BuildIndependentTargetsInParallel = 1;
				LastSwiftUpdateCheck = 1640;
				LastUpgradeCheck = 1640;
				TargetAttributes = {
					CCA726F92E60D24B001F7D93 = {
						CreatedOnToolsVersion = 16.4;
					};
				};
			};
			buildConfigurationList = CCA726F52E60D24B001F7D93 /* Build configuration list for PBXProject "CatchEmAllAVP" */;
			developmentRegion = en;
			hasScannedForEncodings = 0;
			knownRegions = (
				en,
				Base,
			);
			mainGroup = CCA726F12E60D24B001F7D93;
			minimizedProjectReferenceProxies = 1;
			preferredProjectObjectVersion = 77;
			productRefGroup = CCA726FB2E60D24B001F7D93 /* Products */;
			projectDirPath = "";
			projectRoot = "";
			targets = (
				CCA726F92E60D24B001F7D93 /* CatchEmAllAVP */,
			);
		};
/* End PBXProject section */

/* Begin PBXResourcesBuildPhase section */
		CCA726F82E60D24B001F7D93 /* Resources */ = {
			isa = PBXResourcesBuildPhase;
			buildActionMask = 2147483647;
			files = (
				CCA727152E60D4A2001F7D93 /* Assets.xcassets in Resources */,
			);
			runOnlyForDeploymentPostprocessing = 0;
		};
/* End PBXResourcesBuildPhase section */

/* Begin PBXSourcesBuildPhase section */
		CCA726F62E60D24B001F7D93 /* Sources */ = {
			isa = PBXSourcesBuildPhase;
			buildActionMask = 2147483647;
			files = (
				CCA727192E60D84B001F7D93 /* Creatures.swift in Sources */,
				CCFA59582E62023A00BCB115 /* CreatureDetail.swift in Sources */,
				CCFA59542E61F94100BCB115 /* DetailView.swift in Sources */,
				CCA727132E60D4A2001F7D93 /* CatchEmAllAVPApp.swift in Sources */,
				CCFA59562E61FF6400BCB115 /* Creature.swift in Sources */,
				CCA727142E60D4A2001F7D93 /* CreaturesListView.swift in Sources */,
			);
			runOnlyForDeploymentPostprocessing = 0;
		};
/* End PBXSourcesBuildPhase section */

/* Begin XCBuildConfiguration section */
		CCA7270A2E60D24B001F7D93 /* Debug */ = {
			isa = XCBuildConfiguration;
			buildSettings = {
				ASSETCATALOG_COMPILER_APPICON_NAME = AppIcon;
				ASSETCATALOG_COMPILER_GLOBAL_ACCENT_COLOR_NAME = AccentColor;
				CODE_SIGN_STYLE = Automatic;
				CURRENT_PROJECT_VERSION = 1;
				DEVELOPMENT_TEAM = 664FMHC4VF;
				ENABLE_PREVIEWS = YES;
				GENERATE_INFOPLIST_FILE = YES;
				INFOPLIST_FILE = "$(TARGET_NAME)/Info.plist";
				LD_RUNPATH_SEARCH_PATHS = (
					"$(inherited)",
					"@executable_path/Frameworks",
				);
				MARKETING_VERSION = 1.0;
				PRODUCT_BUNDLE_IDENTIFIER = net.bwitmer.CatchEmAllAVP;
				PRODUCT_NAME = "$(TARGET_NAME)";
				SUPPORTED_PLATFORMS = "xros xrsimulator";
				SWIFT_EMIT_LOC_STRINGS = YES;
				SWIFT_VERSION = 5.0;
				TARGETED_DEVICE_FAMILY = 7;
			};
			name = Debug;
		};
		CCA7270B2E60D24B001F7D93 /* Release */ = {
			isa = XCBuildConfiguration;
			buildSettings = {
				ASSETCATALOG_COMPILER_APPICON_NAME = AppIcon;
				ASSETCATALOG_COMPILER_GLOBAL_ACCENT_COLOR_NAME = AccentColor;
				CODE_SIGN_STYLE = Automatic;
				CURRENT_PROJECT_VERSION = 1;
				DEVELOPMENT_TEAM = 664FMHC4VF;
				ENABLE_PREVIEWS = YES;
				GENERATE_INFOPLIST_FILE = YES;
				INFOPLIST_FILE = "$(TARGET_NAME)/Info.plist";
				LD_RUNPATH_SEARCH_PATHS = (
					"$(inherited)",
					"@executable_path/Frameworks",
				);
				MARKETING_VERSION = 1.0;
				PRODUCT_BUNDLE_IDENTIFIER = net.bwitmer.CatchEmAllAVP;
				PRODUCT_NAME = "$(TARGET_NAME)";
				SUPPORTED_PLATFORMS = "xros xrsimulator";
				SWIFT_EMIT_LOC_STRINGS = YES;
				SWIFT_VERSION = 5.0;
				TARGETED_DEVICE_FAMILY = 7;
			};
			name = Release;
		};
		CCA7270C2E60D24B001F7D93 /* Debug */ = {
			isa = XCBuildConfiguration;
			buildSettings = {
				ALWAYS_SEARCH_USER_PATHS = NO;
				ASSETCATALOG_COMPILER_GENERATE_SWIFT_ASSET_SYMBOL_EXTENSIONS = YES;
				CLANG_ANALYZER_NONNULL = YES;
				CLANG_ANALYZER_NUMBER_OBJECT_CONVERSION = YES_AGGRESSIVE;
				CLANG_CXX_LANGUAGE_STANDARD = "gnu++20";
				CLANG_ENABLE_MODULES = YES;
				CLANG_ENABLE_OBJC_ARC = YES;
				CLANG_ENABLE_OBJC_WEAK = YES;
				CLANG_WARN_BLOCK_CAPTURE_AUTORELEASING = YES;
				CLANG_WARN_BOOL_CONVERSION = YES;
				CLANG_WARN_COMMA = YES;
				CLANG_WARN_CONSTANT_CONVERSION = YES;
				CLANG_WARN_DEPRECATED_OBJC_IMPLEMENTATIONS = YES;
				CLANG_WARN_DIRECT_OBJC_ISA_USAGE = YES_ERROR;
				CLANG_WARN_DOCUMENTATION_COMMENTS = YES;
				CLANG_WARN_EMPTY_BODY = YES;
				CLANG_WARN_ENUM_CONVERSION = YES;
				CLANG_WARN_INFINITE_RECURSION = YES;
				CLANG_WARN_INT_CONVERSION = YES;
				CLANG_WARN_NON_LITERAL_NULL_CONVERSION = YES;
				CLANG_WARN_OBJC_IMPLICIT_RETAIN_SELF = YES;
				CLANG_WARN_OBJC_LITERAL_CONVERSION = YES;
				CLANG_WARN_OBJC_ROOT_CLASS = YES_ERROR;
				CLANG_WARN_QUOTED_INCLUDE_IN_FRAMEWORK_HEADER = YES;
				CLANG_WARN_RANGE_LOOP_ANALYSIS = YES;
				CLANG_WARN_STRICT_PROTOTYPES = YES;
				CLANG_WARN_SUSPICIOUS_MOVE = YES;
				CLANG_WARN_UNGUARDED_AVAILABILITY = YES_AGGRESSIVE;
				CLANG_WARN_UNREACHABLE_CODE = YES;
				CLANG_WARN__DUPLICATE_METHOD_MATCH = YES;
				COPY_PHASE_STRIP = NO;
				DEBUG_INFORMATION_FORMAT = dwarf;
				DEVELOPMENT_TEAM = 664FMHC4VF;
				ENABLE_STRICT_OBJC_MSGSEND = YES;
				ENABLE_TESTABILITY = YES;
				ENABLE_USER_SCRIPT_SANDBOXING = YES;
				GCC_C_LANGUAGE_STANDARD = gnu17;
				GCC_DYNAMIC_NO_PIC = NO;
				GCC_NO_COMMON_BLOCKS = YES;
				GCC_OPTIMIZATION_LEVEL = 0;
				GCC_PREPROCESSOR_DEFINITIONS = (
					"DEBUG=1",
					"$(inherited)",
				);
				GCC_WARN_64_TO_32_BIT_CONVERSION = YES;
				GCC_WARN_ABOUT_RETURN_TYPE = YES_ERROR;
				GCC_WARN_UNDECLARED_SELECTOR = YES;
				GCC_WARN_UNINITIALIZED_AUTOS = YES_AGGRESSIVE;
				GCC_WARN_UNUSED_FUNCTION = YES;
				GCC_WARN_UNUSED_VARIABLE = YES;
				LOCALIZATION_PREFERS_STRING_CATALOGS = YES;
				MTL_ENABLE_DEBUG_INFO = INCLUDE_SOURCE;
				MTL_FAST_MATH = YES;
				ONLY_ACTIVE_ARCH = YES;
				SDKROOT = xros;
				SWIFT_ACTIVE_COMPILATION_CONDITIONS = "DEBUG $(inherited)";
				SWIFT_OPTIMIZATION_LEVEL = "-Onone";
				XROS_DEPLOYMENT_TARGET = 2.5;
			};
			name = Debug;
		};
		CCA7270D2E60D24B001F7D93 /* Release */ = {
			isa = XCBuildConfiguration;
			buildSettings = {
				ALWAYS_SEARCH_USER_PATHS = NO;
				ASSETCATALOG_COMPILER_GENERATE_SWIFT_ASSET_SYMBOL_EXTENSIONS = YES;
				CLANG_ANALYZER_NONNULL = YES;
				CLANG_ANALYZER_NUMBER_OBJECT_CONVERSION = YES_AGGRESSIVE;
				CLANG_CXX_LANGUAGE_STANDARD = "gnu++20";
				CLANG_ENABLE_MODULES = YES;
				CLANG_ENABLE_OBJC_ARC = YES;
				CLANG_ENABLE_OBJC_WEAK = YES;
				CLANG_WARN_BLOCK_CAPTURE_AUTORELEASING = YES;
				CLANG_WARN_BOOL_CONVERSION = YES;
				CLANG_WARN_COMMA = YES;
				CLANG_WARN_CONSTANT_CONVERSION = YES;
				CLANG_WARN_DEPRECATED_OBJC_IMPLEMENTATIONS = YES;
				CLANG_WARN_DIRECT_OBJC_ISA_USAGE = YES_ERROR;
				CLANG_WARN_DOCUMENTATION_COMMENTS = YES;
				CLANG_WARN_EMPTY_BODY = YES;
				CLANG_WARN_ENUM_CONVERSION = YES;
				CLANG_WARN_INFINITE_RECURSION = YES;
				CLANG_WARN_INT_CONVERSION = YES;
				CLANG_WARN_NON_LITERAL_NULL_CONVERSION = YES;
				CLANG_WARN_OBJC_IMPLICIT_RETAIN_SELF = YES;
				CLANG_WARN_OBJC_LITERAL_CONVERSION = YES;
				CLANG_WARN_OBJC_ROOT_CLASS = YES_ERROR;
				CLANG_WARN_QUOTED_INCLUDE_IN_FRAMEWORK_HEADER = YES;
				CLANG_WARN_RANGE_LOOP_ANALYSIS = YES;
				CLANG_WARN_STRICT_PROTOTYPES = YES;
				CLANG_WARN_SUSPICIOUS_MOVE = YES;
				CLANG_WARN_UNGUARDED_AVAILABILITY = YES_AGGRESSIVE;
				CLANG_WARN_UNREACHABLE_CODE = YES;
				CLANG_WARN__DUPLICATE_METHOD_MATCH = YES;
				COPY_PHASE_STRIP = NO;
				DEBUG_INFORMATION_FORMAT = "dwarf-with-dsym";
				DEVELOPMENT_TEAM = 664FMHC4VF;
				ENABLE_NS_ASSERTIONS = NO;
				ENABLE_STRICT_OBJC_MSGSEND = YES;
				ENABLE_USER_SCRIPT_SANDBOXING = YES;
				GCC_C_LANGUAGE_STANDARD = gnu17;
				GCC_NO_COMMON_BLOCKS = YES;
				GCC_WARN_64_TO_32_BIT_CONVERSION = YES;
				GCC_WARN_ABOUT_RETURN_TYPE = YES_ERROR;
				GCC_WARN_UNDECLARED_SELECTOR = YES;
				GCC_WARN_UNINITIALIZED_AUTOS = YES_AGGRESSIVE;
				GCC_WARN_UNUSED_FUNCTION = YES;
				GCC_WARN_UNUSED_VARIABLE = YES;
				LOCALIZATION_PREFERS_STRING_CATALOGS = YES;
				MTL_ENABLE_DEBUG_INFO = NO;
				MTL_FAST_MATH = YES;
				SDKROOT = xros;
				SWIFT_COMPILATION_MODE = wholemodule;
				VALIDATE_PRODUCT = YES;
				XROS_DEPLOYMENT_TARGET = 2.5;
			};
			name = Release;
		};
/* End XCBuildConfiguration section */

/* Begin XCConfigurationList section */
		CCA726F52E60D24B001F7D93 /* Build configuration list for PBXProject "CatchEmAllAVP" */ = {
			isa = XCConfigurationList;
			buildConfigurations = (
				CCA7270C2E60D24B001F7D93 /* Debug */,
				CCA7270D2E60D24B001F7D93 /* Release */,
			);
			defaultConfigurationIsVisible = 0;
			defaultConfigurationName = Release;
		};
		CCA727092E60D24B001F7D93 /* Build configuration list for PBXNativeTarget "CatchEmAllAVP" */ = {
			isa = XCConfigurationList;
			buildConfigurations = (
				CCA7270A2E60D24B001F7D93 /* Debug */,
				CCA7270B2E60D24B001F7D93 /* Release */,
			);
			defaultConfigurationIsVisible = 0;
			defaultConfigurationName = Release;
		};
/* End XCConfigurationList section */

/* Begin XCSwiftPackageProductDependency section */
		CCA726FF2E60D24B001F7D93 /* RealityKitContent */ = {
			isa = XCSwiftPackageProductDependency;
			productName = RealityKitContent;
		};
/* End XCSwiftPackageProductDependency section */
	};
	rootObject = CCA726F22E60D24B001F7D93 /* Project object */;
}
